github.com/gorilla/websocket v1.5.3 h1:saDtZ6Pbx/0u+bgYQ3q96pZgCzfhKXGPqt7kZ72aNNg=
github.com/gorilla/websocket v1.5.3/go.mod h1:YR8l580nyteQvAITg2hZ9XVh4b55+EU/adAjf1fMHhE=
github.com/mssola/user_agent v0.6.0 h1:uwPR4rtWlCHRFyyP9u2KOV0u8iQXmS7Z7feTrstQwk4=
github.com/mssola/user_agent v0.6.0/go.mod h1:TTPno8LPY3wAIEKRpAtkdMT0f8SE24pLRGPahjCH4uw=
