// !$*UTF8*$!
{
	archiveVersion = 1;
	classes = {
	};
	objectVersion = 77;
	objects = {

/* Begin PBXBuildFile section */
		13CFC7AA2D96DA2200DA0685 /* NIOSSL in Frameworks */ = {isa = PBXBuildFile; productRef = 13CFC7A92D96DA2200DA0685 /* NIOSSL */; };
		13CFC7AD2D96DAAE00DA0685 /* NIO in Frameworks */ = {isa = PBXBuildFile; productRef = 13CFC7AC2D96DAAE00DA0685 /* NIO */; };
		13CFC7AF2D96DAAE00DA0685 /* NIOConcurrencyHelpers in Frameworks */ = {isa = PBXBuildFile; productRef = 13CFC7AE2D96DAAE00DA0685 /* NIOConcurrencyHelpers */; };
		13CFC7B12D96DAAE00DA0685 /* NIOCore in Frameworks */ = {isa = PBXBuildFile; productRef = 13CFC7B02D96DAAE00DA0685 /* NIOCore */; };
		13CFC7B32D96DAAE00DA0685 /* NIOEmbedded in Frameworks */ = {isa = PBXBuildFile; productRef = 13CFC7B22D96DAAE00DA0685 /* NIOEmbedded */; };
		13CFC7B52D96DAAE00DA0685 /* NIOFoundationCompat in Frameworks */ = {isa = PBXBuildFile; productRef = 13CFC7B42D96DAAE00DA0685 /* NIOFoundationCompat */; };
		13CFC7B72D96DAAE00DA0685 /* NIOHTTP1 in Frameworks */ = {isa = PBXBuildFile; productRef = 13CFC7B62D96DAAE00DA0685 /* NIOHTTP1 */; };
		13CFC7B92D96DAAE00DA0685 /* NIOPosix in Frameworks */ = {isa = PBXBuildFile; productRef = 13CFC7B82D96DAAE00DA0685 /* NIOPosix */; };
		13CFC7BB2D96DAAE00DA0685 /* NIOTLS in Frameworks */ = {isa = PBXBuildFile; productRef = 13CFC7BA2D96DAAE00DA0685 /* NIOTLS */; };
		13CFC7BD2D96DAAE00DA0685 /* NIOTestUtils in Frameworks */ = {isa = PBXBuildFile; productRef = 13CFC7BC2D96DAAE00DA0685 /* NIOTestUtils */; };
		13CFC7BF2D96DAAE00DA0685 /* NIOWebSocket in Frameworks */ = {isa = PBXBuildFile; productRef = 13CFC7BE2D96DAAE00DA0685 /* NIOWebSocket */; };
		13CFC7C12D96DAAE00DA0685 /* _NIOConcurrency in Frameworks */ = {isa = PBXBuildFile; productRef = 13CFC7C02D96DAAE00DA0685 /* _NIOConcurrency */; };
		13CFC7C32D96DAAE00DA0685 /* _NIOFileSystem in Frameworks */ = {isa = PBXBuildFile; productRef = 13CFC7C22D96DAAE00DA0685 /* _NIOFileSystem */; };
		13CFC7C52D96DAAE00DA0685 /* _NIOFileSystemFoundationCompat in Frameworks */ = {isa = PBXBuildFile; productRef = 13CFC7C42D96DAAE00DA0685 /* _NIOFileSystemFoundationCompat */; };
/* End PBXBuildFile section */

/* Begin PBXContainerItemProxy section */
		FF34EF3B2D95CC7B0029BED2 /* PBXContainerItemProxy */ = {
			isa = PBXContainerItemProxy;
			containerPortal = FF34EF1F2D95CC790029BED2 /* Project object */;
			proxyType = 1;
			remoteGlobalIDString = FF34EF262D95CC790029BED2;
			remoteInfo = ProxyApp;
		};
		FF34EF452D95CC7B0029BED2 /* PBXContainerItemProxy */ = {
			isa = PBXContainerItemProxy;
			containerPortal = FF34EF1F2D95CC790029BED2 /* Project object */;
			proxyType = 1;
			remoteGlobalIDString = FF34EF262D95CC790029BED2;
			remoteInfo = ProxyApp;
		};
/* End PBXContainerItemProxy section */

/* Begin PBXFileReference section */
		FF34EF272D95CC790029BED2 /* ProxyApp.app */ = {isa = PBXFileReference; explicitFileType = wrapper.application; includeInIndex = 0; path = ProxyApp.app; sourceTree = BUILT_PRODUCTS_DIR; };
		FF34EF3A2D95CC7B0029BED2 /* ProxyAppTests.xctest */ = {isa = PBXFileReference; explicitFileType = wrapper.cfbundle; includeInIndex = 0; path = ProxyAppTests.xctest; sourceTree = BUILT_PRODUCTS_DIR; };
		FF34EF442D95CC7B0029BED2 /* ProxyAppUITests.xctest */ = {isa = PBXFileReference; explicitFileType = wrapper.cfbundle; includeInIndex = 0; path = ProxyAppUITests.xctest; sourceTree = BUILT_PRODUCTS_DIR; };
/* End PBXFileReference section */

/* Begin PBXFileSystemSynchronizedBuildFileExceptionSet section */
		1322E6AE2DA7F46800650171 /* Exceptions for "ProxyApp" folder in "ProxyApp" target */ = {
			isa = PBXFileSystemSynchronizedBuildFileExceptionSet;
			membershipExceptions = (
				Info.plist,
			);
			target = FF34EF262D95CC790029BED2 /* ProxyApp */;
		};
/* End PBXFileSystemSynchronizedBuildFileExceptionSet section */

/* Begin PBXFileSystemSynchronizedRootGroup section */
		1322E6802DA7F46400650171 /* New Folder */ = {
			isa = PBXFileSystemSynchronizedRootGroup;
			path = "New Folder";
			sourceTree = "<group>";
		};
		1322E6A52DA7F46800650171 /* ProxyApp */ = {
			isa = PBXFileSystemSynchronizedRootGroup;
			exceptions = (
				1322E6AE2DA7F46800650171 /* Exceptions for "ProxyApp" folder in "ProxyApp" target */,
			);
			path = ProxyApp;
			sourceTree = "<group>";
		};
		FF34EF3D2D95CC7B0029BED2 /* ProxyAppTests */ = {
			isa = PBXFileSystemSynchronizedRootGroup;
			path = ProxyAppTests;
			sourceTree = "<group>";
		};
		FF34EF472D95CC7B0029BED2 /* ProxyAppUITests */ = {
			isa = PBXFileSystemSynchronizedRootGroup;
			path = ProxyAppUITests;
			sourceTree = "<group>";
		};
/* End PBXFileSystemSynchronizedRootGroup section */

/* Begin PBXFrameworksBuildPhase section */
		FF34EF242D95CC790029BED2 /* Frameworks */ = {
			isa = PBXFrameworksBuildPhase;
			buildActionMask = 2147483647;
			files = (
				13CFC7AF2D96DAAE00DA0685 /* NIOConcurrencyHelpers in Frameworks */,
				13CFC7B92D96DAAE00DA0685 /* NIOPosix in Frameworks */,
				13CFC7AA2D96DA2200DA0685 /* NIOSSL in Frameworks */,
				13CFC7C12D96DAAE00DA0685 /* _NIOConcurrency in Frameworks */,
				13CFC7B12D96DAAE00DA0685 /* NIOCore in Frameworks */,
				13CFC7B72D96DAAE00DA0685 /* NIOHTTP1 in Frameworks */,
				13CFC7BD2D96DAAE00DA0685 /* NIOTestUtils in Frameworks */,
				13CFC7BB2D96DAAE00DA0685 /* NIOTLS in Frameworks */,
				13CFC7C32D96DAAE00DA0685 /* _NIOFileSystem in Frameworks */,
				13CFC7AD2D96DAAE00DA0685 /* NIO in Frameworks */,
				13CFC7B52D96DAAE00DA0685 /* NIOFoundationCompat in Frameworks */,
				13CFC7C52D96DAAE00DA0685 /* _NIOFileSystemFoundationCompat in Frameworks */,
				13CFC7BF2D96DAAE00DA0685 /* NIOWebSocket in Frameworks */,
				13CFC7B32D96DAAE00DA0685 /* NIOEmbedded in Frameworks */,
			);
			runOnlyForDeploymentPostprocessing = 0;
		};
		FF34EF372D95CC7B0029BED2 /* Frameworks */ = {
			isa = PBXFrameworksBuildPhase;
			buildActionMask = 2147483647;
			files = (
			);
			runOnlyForDeploymentPostprocessing = 0;
		};
		FF34EF412D95CC7B0029BED2 /* Frameworks */ = {
			isa = PBXFrameworksBuildPhase;
			buildActionMask = 2147483647;
			files = (
			);
			runOnlyForDeploymentPostprocessing = 0;
		};
/* End PBXFrameworksBuildPhase section */

/* Begin PBXGroup section */
		FF34EF1E2D95CC790029BED2 = {
			isa = PBXGroup;
			children = (
				1322E6A52DA7F46800650171 /* ProxyApp */,
				1322E6802DA7F46400650171 /* New Folder */,
				FF34EF3D2D95CC7B0029BED2 /* ProxyAppTests */,
				FF34EF472D95CC7B0029BED2 /* ProxyAppUITests */,
				FF34EF282D95CC790029BED2 /* Products */,
			);
			sourceTree = "<group>";
		};
		FF34EF282D95CC790029BED2 /* Products */ = {
			isa = PBXGroup;
			children = (
				FF34EF272D95CC790029BED2 /* ProxyApp.app */,
				FF34EF3A2D95CC7B0029BED2 /* ProxyAppTests.xctest */,
				FF34EF442D95CC7B0029BED2 /* ProxyAppUITests.xctest */,
			);
			name = Products;
			sourceTree = "<group>";
		};
/* End PBXGroup section */

/* Begin PBXNativeTarget section */
		FF34EF262D95CC790029BED2 /* ProxyApp */ = {
			isa = PBXNativeTarget;
			buildConfigurationList = FF34EF4E2D95CC7B0029BED2 /* Build configuration list for PBXNativeTarget "ProxyApp" */;
			buildPhases = (
				FF34EF232D95CC790029BED2 /* Sources */,
				FF34EF242D95CC790029BED2 /* Frameworks */,
				FF34EF252D95CC790029BED2 /* Resources */,
			);
			buildRules = (
			);
			dependencies = (
			);
			fileSystemSynchronizedGroups = (
				1322E6802DA7F46400650171 /* New Folder */,
				1322E6A52DA7F46800650171 /* ProxyApp */,
			);
			name = ProxyApp;
			packageProductDependencies = (
				13CFC7A92D96DA2200DA0685 /* NIOSSL */,
				13CFC7AC2D96DAAE00DA0685 /* NIO */,
				13CFC7AE2D96DAAE00DA0685 /* NIOConcurrencyHelpers */,
				13CFC7B02D96DAAE00DA0685 /* NIOCore */,
				13CFC7B22D96DAAE00DA0685 /* NIOEmbedded */,
				13CFC7B42D96DAAE00DA0685 /* NIOFoundationCompat */,
				13CFC7B62D96DAAE00DA0685 /* NIOHTTP1 */,
				13CFC7B82D96DAAE00DA0685 /* NIOPosix */,
				13CFC7BA2D96DAAE00DA0685 /* NIOTLS */,
				13CFC7BC2D96DAAE00DA0685 /* NIOTestUtils */,
				13CFC7BE2D96DAAE00DA0685 /* NIOWebSocket */,
				13CFC7C02D96DAAE00DA0685 /* _NIOConcurrency */,
				13CFC7C22D96DAAE00DA0685 /* _NIOFileSystem */,
				13CFC7C42D96DAAE00DA0685 /* _NIOFileSystemFoundationCompat */,
			);
			productName = ProxyApp;
			productReference = FF34EF272D95CC790029BED2 /* ProxyApp.app */;
			productType = "com.apple.product-type.application";
		};
		FF34EF392D95CC7B0029BED2 /* ProxyAppTests */ = {
			isa = PBXNativeTarget;
			buildConfigurationList = FF34EF512D95CC7B0029BED2 /* Build configuration list for PBXNativeTarget "ProxyAppTests" */;
			buildPhases = (
				FF34EF362D95CC7B0029BED2 /* Sources */,
				FF34EF372D95CC7B0029BED2 /* Frameworks */,
				FF34EF382D95CC7B0029BED2 /* Resources */,
			);
			buildRules = (
			);
			dependencies = (
				FF34EF3C2D95CC7B0029BED2 /* PBXTargetDependency */,
			);
			fileSystemSynchronizedGroups = (
				FF34EF3D2D95CC7B0029BED2 /* ProxyAppTests */,
			);
			name = ProxyAppTests;
			packageProductDependencies = (
			);
			productName = ProxyAppTests;
			productReference = FF34EF3A2D95CC7B0029BED2 /* ProxyAppTests.xctest */;
			productType = "com.apple.product-type.bundle.unit-test";
		};
		FF34EF432D95CC7B0029BED2 /* ProxyAppUITests */ = {
			isa = PBXNativeTarget;
			buildConfigurationList = FF34EF542D95CC7B0029BED2 /* Build configuration list for PBXNativeTarget "ProxyAppUITests" */;
			buildPhases = (
				FF34EF402D95CC7B0029BED2 /* Sources */,
				FF34EF412D95CC7B0029BED2 /* Frameworks */,
				FF34EF422D95CC7B0029BED2 /* Resources */,
			);
			buildRules = (
			);
			dependencies = (
				FF34EF462D95CC7B0029BED2 /* PBXTargetDependency */,
			);
			fileSystemSynchronizedGroups = (
				FF34EF472D95CC7B0029BED2 /* ProxyAppUITests */,
			);
			name = ProxyAppUITests;
			packageProductDependencies = (
			);
			productName = ProxyAppUITests;
			productReference = FF34EF442D95CC7B0029BED2 /* ProxyAppUITests.xctest */;
			productType = "com.apple.product-type.bundle.ui-testing";
		};
/* End PBXNativeTarget section */

/* Begin PBXProject section */
		FF34EF1F2D95CC790029BED2 /* Project object */ = {
			isa = PBXProject;
			attributes = {
				BuildIndependentTargetsInParallel = 1;
				LastSwiftUpdateCheck = 1610;
				LastUpgradeCheck = 1610;
				TargetAttributes = {
					FF34EF262D95CC790029BED2 = {
						CreatedOnToolsVersion = 16.1;
					};
					FF34EF392D95CC7B0029BED2 = {
						CreatedOnToolsVersion = 16.1;
						TestTargetID = FF34EF262D95CC790029BED2;
					};
					FF34EF432D95CC7B0029BED2 = {
						CreatedOnToolsVersion = 16.1;
						TestTargetID = FF34EF262D95CC790029BED2;
					};
				};
			};
			buildConfigurationList = FF34EF222D95CC790029BED2 /* Build configuration list for PBXProject "ProxyApp" */;
			developmentRegion = en;
			hasScannedForEncodings = 0;
			knownRegions = (
				en,
				Base,
			);
			mainGroup = FF34EF1E2D95CC790029BED2;
			minimizedProjectReferenceProxies = 1;
			packageReferences = (
				13CFC7A82D96DA2200DA0685 /* XCRemoteSwiftPackageReference "swift-nio-ssl" */,
				13CFC7AB2D96DAAE00DA0685 /* XCRemoteSwiftPackageReference "swift-nio" */,
			);
			preferredProjectObjectVersion = 77;
			productRefGroup = FF34EF282D95CC790029BED2 /* Products */;
			projectDirPath = "";
			projectRoot = "";
			targets = (
				FF34EF262D95CC790029BED2 /* ProxyApp */,
				FF34EF392D95CC7B0029BED2 /* ProxyAppTests */,
				FF34EF432D95CC7B0029BED2 /* ProxyAppUITests */,
			);
		};
/* End PBXProject section */

/* Begin PBXResourcesBuildPhase section */
		FF34EF252D95CC790029BED2 /* Resources */ = {
			isa = PBXResourcesBuildPhase;
			buildActionMask = 2147483647;
			files = (
			);
			runOnlyForDeploymentPostprocessing = 0;
		};
		FF34EF382D95CC7B0029BED2 /* Resources */ = {
			isa = PBXResourcesBuildPhase;
			buildActionMask = 2147483647;
			files = (
			);
			runOnlyForDeploymentPostprocessing = 0;
		};
		FF34EF422D95CC7B0029BED2 /* Resources */ = {
			isa = PBXResourcesBuildPhase;
			buildActionMask = 2147483647;
			files = (
			);
			runOnlyForDeploymentPostprocessing = 0;
		};
/* End PBXResourcesBuildPhase section */

/* Begin PBXSourcesBuildPhase section */
		FF34EF232D95CC790029BED2 /* Sources */ = {
			isa = PBXSourcesBuildPhase;
			buildActionMask = 2147483647;
			files = (
			);
			runOnlyForDeploymentPostprocessing = 0;
		};
		FF34EF362D95CC7B0029BED2 /* Sources */ = {
			isa = PBXSourcesBuildPhase;
			buildActionMask = 2147483647;
			files = (
			);
			runOnlyForDeploymentPostprocessing = 0;
		};
		FF34EF402D95CC7B0029BED2 /* Sources */ = {
			isa = PBXSourcesBuildPhase;
			buildActionMask = 2147483647;
			files = (
			);
			runOnlyForDeploymentPostprocessing = 0;
		};
/* End PBXSourcesBuildPhase section */

/* Begin PBXTargetDependency section */
		FF34EF3C2D95CC7B0029BED2 /* PBXTargetDependency */ = {
			isa = PBXTargetDependency;
			target = FF34EF262D95CC790029BED2 /* ProxyApp */;
			targetProxy = FF34EF3B2D95CC7B0029BED2 /* PBXContainerItemProxy */;
		};
		FF34EF462D95CC7B0029BED2 /* PBXTargetDependency */ = {
			isa = PBXTargetDependency;
			target = FF34EF262D95CC790029BED2 /* ProxyApp */;
			targetProxy = FF34EF452D95CC7B0029BED2 /* PBXContainerItemProxy */;
		};
/* End PBXTargetDependency section */

/* Begin XCBuildConfiguration section */
		FF34EF4C2D95CC7B0029BED2 /* Debug */ = {
			isa = XCBuildConfiguration;
			buildSettings = {
				ALWAYS_SEARCH_USER_PATHS = NO;
				ASSETCATALOG_COMPILER_GENERATE_SWIFT_ASSET_SYMBOL_EXTENSIONS = YES;
				CLANG_ANALYZER_NONNULL = YES;
				CLANG_ANALYZER_NUMBER_OBJECT_CONVERSION = YES_AGGRESSIVE;
				CLANG_CXX_LANGUAGE_STANDARD = "gnu++20";
				CLANG_ENABLE_MODULES = YES;
				CLANG_ENABLE_OBJC_ARC = YES;
				CLANG_ENABLE_OBJC_WEAK = YES;
				CLANG_WARN_BLOCK_CAPTURE_AUTORELEASING = YES;
				CLANG_WARN_BOOL_CONVERSION = YES;
				CLANG_WARN_COMMA = YES;
				CLANG_WARN_CONSTANT_CONVERSION = YES;
				CLANG_WARN_DEPRECATED_OBJC_IMPLEMENTATIONS = YES;
				CLANG_WARN_DIRECT_OBJC_ISA_USAGE = YES_ERROR;
				CLANG_WARN_DOCUMENTATION_COMMENTS = YES;
				CLANG_WARN_EMPTY_BODY = YES;
				CLANG_WARN_ENUM_CONVERSION = YES;
				CLANG_WARN_INFINITE_RECURSION = YES;
				CLANG_WARN_INT_CONVERSION = YES;
				CLANG_WARN_NON_LITERAL_NULL_CONVERSION = YES;
				CLANG_WARN_OBJC_IMPLICIT_RETAIN_SELF = YES;
				CLANG_WARN_OBJC_LITERAL_CONVERSION = YES;
				CLANG_WARN_OBJC_ROOT_CLASS = YES_ERROR;
				CLANG_WARN_QUOTED_INCLUDE_IN_FRAMEWORK_HEADER = YES;
				CLANG_WARN_RANGE_LOOP_ANALYSIS = YES;
				CLANG_WARN_STRICT_PROTOTYPES = YES;
				CLANG_WARN_SUSPICIOUS_MOVE = YES;
				CLANG_WARN_UNGUARDED_AVAILABILITY = YES_AGGRESSIVE;
				CLANG_WARN_UNREACHABLE_CODE = YES;
				CLANG_WARN__DUPLICATE_METHOD_MATCH = YES;
				COPY_PHASE_STRIP = NO;
				DEBUG_INFORMATION_FORMAT = dwarf;
				ENABLE_STRICT_OBJC_MSGSEND = YES;
				ENABLE_TESTABILITY = YES;
				ENABLE_USER_SCRIPT_SANDBOXING = YES;
				GCC_C_LANGUAGE_STANDARD = gnu17;
				GCC_DYNAMIC_NO_PIC = NO;
				GCC_NO_COMMON_BLOCKS = YES;
				GCC_OPTIMIZATION_LEVEL = 0;
				GCC_PREPROCESSOR_DEFINITIONS = (
					"DEBUG=1",
					"$(inherited)",
				);
				GCC_WARN_64_TO_32_BIT_CONVERSION = YES;
				GCC_WARN_ABOUT_RETURN_TYPE = YES_ERROR;
				GCC_WARN_UNDECLARED_SELECTOR = YES;
				GCC_WARN_UNINITIALIZED_AUTOS = YES_AGGRESSIVE;
				GCC_WARN_UNUSED_FUNCTION = YES;
				GCC_WARN_UNUSED_VARIABLE = YES;
				LOCALIZATION_PREFERS_STRING_CATALOGS = YES;
				MACOSX_DEPLOYMENT_TARGET = 15.1;
				MTL_ENABLE_DEBUG_INFO = INCLUDE_SOURCE;
				MTL_FAST_MATH = YES;
				ONLY_ACTIVE_ARCH = YES;
				SDKROOT = macosx;
				SWIFT_ACTIVE_COMPILATION_CONDITIONS = "DEBUG $(inherited)";
				SWIFT_OPTIMIZATION_LEVEL = "-Onone";
			};
			name = Debug;
		};
		FF34EF4D2D95CC7B0029BED2 /* Release */ = {
			isa = XCBuildConfiguration;
			buildSettings = {
				ALWAYS_SEARCH_USER_PATHS = NO;
				ASSETCATALOG_COMPILER_GENERATE_SWIFT_ASSET_SYMBOL_EXTENSIONS = YES;
				CLANG_ANALYZER_NONNULL = YES;
				CLANG_ANALYZER_NUMBER_OBJECT_CONVERSION = YES_AGGRESSIVE;
				CLANG_CXX_LANGUAGE_STANDARD = "gnu++20";
				CLANG_ENABLE_MODULES = YES;
				CLANG_ENABLE_OBJC_ARC = YES;
				CLANG_ENABLE_OBJC_WEAK = YES;
				CLANG_WARN_BLOCK_CAPTURE_AUTORELEASING = YES;
				CLANG_WARN_BOOL_CONVERSION = YES;
				CLANG_WARN_COMMA = YES;
				CLANG_WARN_CONSTANT_CONVERSION = YES;
				CLANG_WARN_DEPRECATED_OBJC_IMPLEMENTATIONS = YES;
				CLANG_WARN_DIRECT_OBJC_ISA_USAGE = YES_ERROR;
				CLANG_WARN_DOCUMENTATION_COMMENTS = YES;
				CLANG_WARN_EMPTY_BODY = YES;
				CLANG_WARN_ENUM_CONVERSION = YES;
				CLANG_WARN_INFINITE_RECURSION = YES;
				CLANG_WARN_INT_CONVERSION = YES;
				CLANG_WARN_NON_LITERAL_NULL_CONVERSION = YES;
				CLANG_WARN_OBJC_IMPLICIT_RETAIN_SELF = YES;
				CLANG_WARN_OBJC_LITERAL_CONVERSION = YES;
				CLANG_WARN_OBJC_ROOT_CLASS = YES_ERROR;
				CLANG_WARN_QUOTED_INCLUDE_IN_FRAMEWORK_HEADER = YES;
				CLANG_WARN_RANGE_LOOP_ANALYSIS = YES;
				CLANG_WARN_STRICT_PROTOTYPES = YES;
				CLANG_WARN_SUSPICIOUS_MOVE = YES;
				CLANG_WARN_UNGUARDED_AVAILABILITY = YES_AGGRESSIVE;
				CLANG_WARN_UNREACHABLE_CODE = YES;
				CLANG_WARN__DUPLICATE_METHOD_MATCH = YES;
				COPY_PHASE_STRIP = NO;
				DEBUG_INFORMATION_FORMAT = "dwarf-with-dsym";
				ENABLE_NS_ASSERTIONS = NO;
				ENABLE_STRICT_OBJC_MSGSEND = YES;
				ENABLE_USER_SCRIPT_SANDBOXING = YES;
				GCC_C_LANGUAGE_STANDARD = gnu17;
				GCC_NO_COMMON_BLOCKS = YES;
				GCC_WARN_64_TO_32_BIT_CONVERSION = YES;
				GCC_WARN_ABOUT_RETURN_TYPE = YES_ERROR;
				GCC_WARN_UNDECLARED_SELECTOR = YES;
				GCC_WARN_UNINITIALIZED_AUTOS = YES_AGGRESSIVE;
				GCC_WARN_UNUSED_FUNCTION = YES;
				GCC_WARN_UNUSED_VARIABLE = YES;
				LOCALIZATION_PREFERS_STRING_CATALOGS = YES;
				MACOSX_DEPLOYMENT_TARGET = 15.1;
				MTL_ENABLE_DEBUG_INFO = NO;
				MTL_FAST_MATH = YES;
				SDKROOT = macosx;
				SWIFT_COMPILATION_MODE = wholemodule;
			};
			name = Release;
		};
		FF34EF4F2D95CC7B0029BED2 /* Debug */ = {
			isa = XCBuildConfiguration;
			buildSettings = {
				ASSETCATALOG_COMPILER_APPICON_NAME = AppIcon;
				ASSETCATALOG_COMPILER_GLOBAL_ACCENT_COLOR_NAME = AccentColor;
				CODE_SIGN_ENTITLEMENTS = ProxyApp/ProxyApp.entitlements;
				"CODE_SIGN_IDENTITY[sdk=macosx*]" = "-";
				CODE_SIGN_STYLE = Automatic;
				COMBINE_HIDPI_IMAGES = YES;
				CURRENT_PROJECT_VERSION = 1;
				DEVELOPMENT_ASSET_PATHS = "\"ProxyApp/Preview Content\"";
				DEVELOPMENT_TEAM = L6VZWYT2TT;
				ENABLE_HARDENED_RUNTIME = YES;
				ENABLE_PREVIEWS = YES;
				GENERATE_INFOPLIST_FILE = YES;
				INFOPLIST_FILE = ProxyApp/Info.plist;
				INFOPLIST_KEY_CFBundleDisplayName = "";
				INFOPLIST_KEY_LSApplicationCategoryType = "";
				INFOPLIST_KEY_NSHumanReadableCopyright = "";
				LD_RUNPATH_SEARCH_PATHS = (
					"$(inherited)",
					"@executable_path/../Frameworks",
				);
				MACOSX_DEPLOYMENT_TARGET = 14.0;
				MARKETING_VERSION = 1.0;
				PRODUCT_BUNDLE_IDENTIFIER = com.francescostabile.ProxyApp;
				PRODUCT_NAME = "$(TARGET_NAME)";
				SWIFT_EMIT_LOC_STRINGS = YES;
				SWIFT_VERSION = 5.0;
			};
			name = Debug;
		};
		FF34EF502D95CC7B0029BED2 /* Release */ = {
			isa = XCBuildConfiguration;
			buildSettings = {
				ASSETCATALOG_COMPILER_APPICON_NAME = AppIcon;
				ASSETCATALOG_COMPILER_GLOBAL_ACCENT_COLOR_NAME = AccentColor;
				CODE_SIGN_ENTITLEMENTS = ProxyApp/ProxyApp.entitlements;
				"CODE_SIGN_IDENTITY[sdk=macosx*]" = "-";
				CODE_SIGN_STYLE = Automatic;
				COMBINE_HIDPI_IMAGES = YES;
				CURRENT_PROJECT_VERSION = 1;
				DEVELOPMENT_ASSET_PATHS = "\"ProxyApp/Preview Content\"";
				DEVELOPMENT_TEAM = L6VZWYT2TT;
				ENABLE_HARDENED_RUNTIME = YES;
				ENABLE_PREVIEWS = YES;
				GENERATE_INFOPLIST_FILE = YES;
				INFOPLIST_FILE = ProxyApp/Info.plist;
				INFOPLIST_KEY_CFBundleDisplayName = "";
				INFOPLIST_KEY_LSApplicationCategoryType = "";
				INFOPLIST_KEY_NSHumanReadableCopyright = "";
				LD_RUNPATH_SEARCH_PATHS = (
					"$(inherited)",
					"@executable_path/../Frameworks",
				);
				MACOSX_DEPLOYMENT_TARGET = 14.0;
				MARKETING_VERSION = 1.0;
				PRODUCT_BUNDLE_IDENTIFIER = com.francescostabile.ProxyApp;
				PRODUCT_NAME = "$(TARGET_NAME)";
				SWIFT_EMIT_LOC_STRINGS = YES;
				SWIFT_VERSION = 5.0;
			};
			name = Release;
		};
		FF34EF522D95CC7B0029BED2 /* Debug */ = {
			isa = XCBuildConfiguration;
			buildSettings = {
				BUNDLE_LOADER = "$(TEST_HOST)";
				CODE_SIGN_STYLE = Automatic;
				CURRENT_PROJECT_VERSION = 1;
				DEVELOPMENT_TEAM = L6VZWYT2TT;
				GENERATE_INFOPLIST_FILE = YES;
				MACOSX_DEPLOYMENT_TARGET = 14.0;
				MARKETING_VERSION = 1.0;
				PRODUCT_BUNDLE_IDENTIFIER = com.francescostabile.ProxyAppTests;
				PRODUCT_NAME = "$(TARGET_NAME)";
				SWIFT_EMIT_LOC_STRINGS = NO;
				SWIFT_VERSION = 5.0;
				TEST_HOST = "$(BUILT_PRODUCTS_DIR)/ProxyApp.app/$(BUNDLE_EXECUTABLE_FOLDER_PATH)/ProxyApp";
			};
			name = Debug;
		};
		FF34EF532D95CC7B0029BED2 /* Release */ = {
			isa = XCBuildConfiguration;
			buildSettings = {
				BUNDLE_LOADER = "$(TEST_HOST)";
				CODE_SIGN_STYLE = Automatic;
				CURRENT_PROJECT_VERSION = 1;
				DEVELOPMENT_TEAM = L6VZWYT2TT;
				GENERATE_INFOPLIST_FILE = YES;
				MACOSX_DEPLOYMENT_TARGET = 14.0;
				MARKETING_VERSION = 1.0;
				PRODUCT_BUNDLE_IDENTIFIER = com.francescostabile.ProxyAppTests;
				PRODUCT_NAME = "$(TARGET_NAME)";
				SWIFT_EMIT_LOC_STRINGS = NO;
				SWIFT_VERSION = 5.0;
				TEST_HOST = "$(BUILT_PRODUCTS_DIR)/ProxyApp.app/$(BUNDLE_EXECUTABLE_FOLDER_PATH)/ProxyApp";
			};
			name = Release;
		};
		FF34EF552D95CC7B0029BED2 /* Debug */ = {
			isa = XCBuildConfiguration;
			buildSettings = {
				CODE_SIGN_STYLE = Automatic;
				CURRENT_PROJECT_VERSION = 1;
				DEVELOPMENT_TEAM = L6VZWYT2TT;
				GENERATE_INFOPLIST_FILE = YES;
				MARKETING_VERSION = 1.0;
				PRODUCT_BUNDLE_IDENTIFIER = com.francescostabile.ProxyAppUITests;
				PRODUCT_NAME = "$(TARGET_NAME)";
				SWIFT_EMIT_LOC_STRINGS = NO;
				SWIFT_VERSION = 5.0;
				TEST_TARGET_NAME = ProxyApp;
			};
			name = Debug;
		};
		FF34EF562D95CC7B0029BED2 /* Release */ = {
			isa = XCBuildConfiguration;
			buildSettings = {
				CODE_SIGN_STYLE = Automatic;
				CURRENT_PROJECT_VERSION = 1;
				DEVELOPMENT_TEAM = L6VZWYT2TT;
				GENERATE_INFOPLIST_FILE = YES;
				MARKETING_VERSION = 1.0;
				PRODUCT_BUNDLE_IDENTIFIER = com.francescostabile.ProxyAppUITests;
				PRODUCT_NAME = "$(TARGET_NAME)";
				SWIFT_EMIT_LOC_STRINGS = NO;
				SWIFT_VERSION = 5.0;
				TEST_TARGET_NAME = ProxyApp;
			};
			name = Release;
		};
/* End XCBuildConfiguration section */

/* Begin XCConfigurationList section */
		FF34EF222D95CC790029BED2 /* Build configuration list for PBXProject "ProxyApp" */ = {
			isa = XCConfigurationList;
			buildConfigurations = (
				FF34EF4C2D95CC7B0029BED2 /* Debug */,
				FF34EF4D2D95CC7B0029BED2 /* Release */,
			);
			defaultConfigurationIsVisible = 0;
			defaultConfigurationName = Release;
		};
		FF34EF4E2D95CC7B0029BED2 /* Build configuration list for PBXNativeTarget "ProxyApp" */ = {
			isa = XCConfigurationList;
			buildConfigurations = (
				FF34EF4F2D95CC7B0029BED2 /* Debug */,
				FF34EF502D95CC7B0029BED2 /* Release */,
			);
			defaultConfigurationIsVisible = 0;
			defaultConfigurationName = Release;
		};
		FF34EF512D95CC7B0029BED2 /* Build configuration list for PBXNativeTarget "ProxyAppTests" */ = {
			isa = XCConfigurationList;
			buildConfigurations = (
				FF34EF522D95CC7B0029BED2 /* Debug */,
				FF34EF532D95CC7B0029BED2 /* Release */,
			);
			defaultConfigurationIsVisible = 0;
			defaultConfigurationName = Release;
		};
		FF34EF542D95CC7B0029BED2 /* Build configuration list for PBXNativeTarget "ProxyAppUITests" */ = {
			isa = XCConfigurationList;
			buildConfigurations = (
				FF34EF552D95CC7B0029BED2 /* Debug */,
				FF34EF562D95CC7B0029BED2 /* Release */,
			);
			defaultConfigurationIsVisible = 0;
			defaultConfigurationName = Release;
		};
/* End XCConfigurationList section */

/* Begin XCRemoteSwiftPackageReference section */
		13CFC7A82D96DA2200DA0685 /* XCRemoteSwiftPackageReference "swift-nio-ssl" */ = {
			isa = XCRemoteSwiftPackageReference;
			repositoryURL = "https://github.com/apple/swift-nio-ssl.git";
			requirement = {
				kind = upToNextMajorVersion;
				minimumVersion = 2.29.3;
			};
		};
		13CFC7AB2D96DAAE00DA0685 /* XCRemoteSwiftPackageReference "swift-nio" */ = {
			isa = XCRemoteSwiftPackageReference;
			repositoryURL = "https://github.com/apple/swift-nio.git";
			requirement = {
				kind = upToNextMajorVersion;
				minimumVersion = 2.81.0;
			};
		};
/* End XCRemoteSwiftPackageReference section */

/* Begin XCSwiftPackageProductDependency section */
		13CFC7A92D96DA2200DA0685 /* NIOSSL */ = {
			isa = XCSwiftPackageProductDependency;
			package = 13CFC7A82D96DA2200DA0685 /* XCRemoteSwiftPackageReference "swift-nio-ssl" */;
			productName = NIOSSL;
		};
		13CFC7AC2D96DAAE00DA0685 /* NIO */ = {
			isa = XCSwiftPackageProductDependency;
			package = 13CFC7AB2D96DAAE00DA0685 /* XCRemoteSwiftPackageReference "swift-nio" */;
			productName = NIO;
		};
		13CFC7AE2D96DAAE00DA0685 /* NIOConcurrencyHelpers */ = {
			isa = XCSwiftPackageProductDependency;
			package = 13CFC7AB2D96DAAE00DA0685 /* XCRemoteSwiftPackageReference "swift-nio" */;
			productName = NIOConcurrencyHelpers;
		};
		13CFC7B02D96DAAE00DA0685 /* NIOCore */ = {
			isa = XCSwiftPackageProductDependency;
			package = 13CFC7AB2D96DAAE00DA0685 /* XCRemoteSwiftPackageReference "swift-nio" */;
			productName = NIOCore;
		};
		13CFC7B22D96DAAE00DA0685 /* NIOEmbedded */ = {
			isa = XCSwiftPackageProductDependency;
			package = 13CFC7AB2D96DAAE00DA0685 /* XCRemoteSwiftPackageReference "swift-nio" */;
			productName = NIOEmbedded;
		};
		13CFC7B42D96DAAE00DA0685 /* NIOFoundationCompat */ = {
			isa = XCSwiftPackageProductDependency;
			package = 13CFC7AB2D96DAAE00DA0685 /* XCRemoteSwiftPackageReference "swift-nio" */;
			productName = NIOFoundationCompat;
		};
		13CFC7B62D96DAAE00DA0685 /* NIOHTTP1 */ = {
			isa = XCSwiftPackageProductDependency;
			package = 13CFC7AB2D96DAAE00DA0685 /* XCRemoteSwiftPackageReference "swift-nio" */;
			productName = NIOHTTP1;
		};
		13CFC7B82D96DAAE00DA0685 /* NIOPosix */ = {
			isa = XCSwiftPackageProductDependency;
			package = 13CFC7AB2D96DAAE00DA0685 /* XCRemoteSwiftPackageReference "swift-nio" */;
			productName = NIOPosix;
		};
		13CFC7BA2D96DAAE00DA0685 /* NIOTLS */ = {
			isa = XCSwiftPackageProductDependency;
			package = 13CFC7AB2D96DAAE00DA0685 /* XCRemoteSwiftPackageReference "swift-nio" */;
			productName = NIOTLS;
		};
		13CFC7BC2D96DAAE00DA0685 /* NIOTestUtils */ = {
			isa = XCSwiftPackageProductDependency;
			package = 13CFC7AB2D96DAAE00DA0685 /* XCRemoteSwiftPackageReference "swift-nio" */;
			productName = NIOTestUtils;
		};
		13CFC7BE2D96DAAE00DA0685 /* NIOWebSocket */ = {
			isa = XCSwiftPackageProductDependency;
			package = 13CFC7AB2D96DAAE00DA0685 /* XCRemoteSwiftPackageReference "swift-nio" */;
			productName = NIOWebSocket;
		};
		13CFC7C02D96DAAE00DA0685 /* _NIOConcurrency */ = {
			isa = XCSwiftPackageProductDependency;
			package = 13CFC7AB2D96DAAE00DA0685 /* XCRemoteSwiftPackageReference "swift-nio" */;
			productName = _NIOConcurrency;
		};
		13CFC7C22D96DAAE00DA0685 /* _NIOFileSystem */ = {
			isa = XCSwiftPackageProductDependency;
			package = 13CFC7AB2D96DAAE00DA0685 /* XCRemoteSwiftPackageReference "swift-nio" */;
			productName = _NIOFileSystem;
		};
		13CFC7C42D96DAAE00DA0685 /* _NIOFileSystemFoundationCompat */ = {
			isa = XCSwiftPackageProductDependency;
			package = 13CFC7AB2D96DAAE00DA0685 /* XCRemoteSwiftPackageReference "swift-nio" */;
			productName = _NIOFileSystemFoundationCompat;
		};
/* End XCSwiftPackageProductDependency section */
	};
	rootObject = FF34EF1F2D95CC790029BED2 /* Project object */;
}
