// !$*UTF8*$!
{
	archiveVersion = 1;
	classes = {
	};
	objectVersion = 77;
	objects = {

/* Begin PBXBuildFile section */
		131F28B12DA9729900FB0D3B /* DGCharts in Frameworks */ = {isa = PBXBuildFile; productRef = 131F28B02DA9729900FB0D3B /* DGCharts */; };
		1338851C2DAF9FCA009E8B0C /* Icon.png in Resources */ = {isa = PBXBuildFile; fileRef = 1338851B2DAF9FCA009E8B0C /* Icon.png */; };
		133885A62DB135B7009E8B0C /* Papyrus in Frameworks */ = {isa = PBXBuildFile; productRef = 133885A52DB135B7009E8B0C /* Papyrus */; };
/* End PBXBuildFile section */

/* Begin PBXContainerItemProxy section */
		FF34EF3B2D95CC7B0029BED2 /* PBXContainerItemProxy */ = {
			isa = PBXContainerItemProxy;
			containerPortal = FF34EF1F2D95CC790029BED2 /* Project object */;
			proxyType = 1;
			remoteGlobalIDString = FF34EF262D95CC790029BED2;
			remoteInfo = ProxyApp;
		};
		FF34EF452D95CC7B0029BED2 /* PBXContainerItemProxy */ = {
			isa = PBXContainerItemProxy;
			containerPortal = FF34EF1F2D95CC790029BED2 /* Project object */;
			proxyType = 1;
			remoteGlobalIDString = FF34EF262D95CC790029BED2;
			remoteInfo = ProxyApp;
		};
/* End PBXContainerItemProxy section */

/* Begin PBXFileReference section */
		1338851B2DAF9FCA009E8B0C /* Icon.png */ = {isa = PBXFileReference; lastKnownFileType = image.png; path = Icon.png; sourceTree = "<group>"; };
		FF34EF272D95CC790029BED2 /* PacketPeek.app */ = {isa = PBXFileReference; explicitFileType = wrapper.application; includeInIndex = 0; path = PacketPeek.app; sourceTree = BUILT_PRODUCTS_DIR; };
		FF34EF3A2D95CC7B0029BED2 /* ProxyAppTests.xctest */ = {isa = PBXFileReference; explicitFileType = wrapper.cfbundle; includeInIndex = 0; path = ProxyAppTests.xctest; sourceTree = BUILT_PRODUCTS_DIR; };
		FF34EF442D95CC7B0029BED2 /* ProxyAppUITests.xctest */ = {isa = PBXFileReference; explicitFileType = wrapper.cfbundle; includeInIndex = 0; path = ProxyAppUITests.xctest; sourceTree = BUILT_PRODUCTS_DIR; };
/* End PBXFileReference section */

/* Begin PBXFileSystemSynchronizedBuildFileExceptionSet section */
		1322E6AE2DA7F46800650171 /* Exceptions for "ProxyApp" folder in "PacketPeek" target */ = {
			isa = PBXFileSystemSynchronizedBuildFileExceptionSet;
			membershipExceptions = (
				Info.plist,
			);
			target = FF34EF262D95CC790029BED2 /* PacketPeek */;
		};
/* End PBXFileSystemSynchronizedBuildFileExceptionSet section */

/* Begin PBXFileSystemSynchronizedRootGroup section */
		1322E6A52DA7F46800650171 /* ProxyApp */ = {
			isa = PBXFileSystemSynchronizedRootGroup;
			exceptions = (
				1322E6AE2DA7F46800650171 /* Exceptions for "ProxyApp" folder in "PacketPeek" target */,
			);
			path = ProxyApp;
			sourceTree = "<group>";
		};
		FF34EF3D2D95CC7B0029BED2 /* ProxyAppTests */ = {
			isa = PBXFileSystemSynchronizedRootGroup;
			path = ProxyAppTests;
			sourceTree = "<group>";
		};
		FF34EF472D95CC7B0029BED2 /* ProxyAppUITests */ = {
			isa = PBXFileSystemSynchronizedRootGroup;
			path = ProxyAppUITests;
			sourceTree = "<group>";
		};
/* End PBXFileSystemSynchronizedRootGroup section */

/* Begin PBXFrameworksBuildPhase section */
		FF34EF242D95CC790029BED2 /* Frameworks */ = {
			isa = PBXFrameworksBuildPhase;
			buildActionMask = 2147483647;
			files = (
				131F28B12DA9729900FB0D3B /* DGCharts in Frameworks */,
				133885A62DB135B7009E8B0C /* Papyrus in Frameworks */,
			);
			runOnlyForDeploymentPostprocessing = 0;
		};
		FF34EF372D95CC7B0029BED2 /* Frameworks */ = {
			isa = PBXFrameworksBuildPhase;
			buildActionMask = 2147483647;
			files = (
			);
			runOnlyForDeploymentPostprocessing = 0;
		};
		FF34EF412D95CC7B0029BED2 /* Frameworks */ = {
			isa = PBXFrameworksBuildPhase;
			buildActionMask = 2147483647;
			files = (
			);
			runOnlyForDeploymentPostprocessing = 0;
		};
/* End PBXFrameworksBuildPhase section */

/* Begin PBXGroup section */
		FF34EF1E2D95CC790029BED2 = {
			isa = PBXGroup;
			children = (
				1322E6A52DA7F46800650171 /* ProxyApp */,
				FF34EF3D2D95CC7B0029BED2 /* ProxyAppTests */,
				FF34EF472D95CC7B0029BED2 /* ProxyAppUITests */,
				FF34EF282D95CC790029BED2 /* Products */,
				1338851B2DAF9FCA009E8B0C /* Icon.png */,
			);
			sourceTree = "<group>";
		};
		FF34EF282D95CC790029BED2 /* Products */ = {
			isa = PBXGroup;
			children = (
				FF34EF272D95CC790029BED2 /* PacketPeek.app */,
				FF34EF3A2D95CC7B0029BED2 /* ProxyAppTests.xctest */,
				FF34EF442D95CC7B0029BED2 /* ProxyAppUITests.xctest */,
			);
			name = Products;
			sourceTree = "<group>";
		};
/* End PBXGroup section */

/* Begin PBXNativeTarget section */
		FF34EF262D95CC790029BED2 /* PacketPeek */ = {
			isa = PBXNativeTarget;
			buildConfigurationList = FF34EF4E2D95CC7B0029BED2 /* Build configuration list for PBXNativeTarget "PacketPeek" */;
			buildPhases = (
				FF34EF232D95CC790029BED2 /* Sources */,
				FF34EF242D95CC790029BED2 /* Frameworks */,
				FF34EF252D95CC790029BED2 /* Resources */,
			);
			buildRules = (
			);
			dependencies = (
			);
			fileSystemSynchronizedGroups = (
				1322E6A52DA7F46800650171 /* ProxyApp */,
			);
			name = PacketPeek;
			packageProductDependencies = (
				131F28B02DA9729900FB0D3B /* DGCharts */,
				133885A52DB135B7009E8B0C /* Papyrus */,
			);
			productName = ProxyApp;
			productReference = FF34EF272D95CC790029BED2 /* PacketPeek.app */;
			productType = "com.apple.product-type.application";
		};
		FF34EF392D95CC7B0029BED2 /* ProxyAppTests */ = {
			isa = PBXNativeTarget;
			buildConfigurationList = FF34EF512D95CC7B0029BED2 /* Build configuration list for PBXNativeTarget "ProxyAppTests" */;
			buildPhases = (
				FF34EF362D95CC7B0029BED2 /* Sources */,
				FF34EF372D95CC7B0029BED2 /* Frameworks */,
				FF34EF382D95CC7B0029BED2 /* Resources */,
			);
			buildRules = (
			);
			dependencies = (
				FF34EF3C2D95CC7B0029BED2 /* PBXTargetDependency */,
			);
			fileSystemSynchronizedGroups = (
				FF34EF3D2D95CC7B0029BED2 /* ProxyAppTests */,
			);
			name = ProxyAppTests;
			packageProductDependencies = (
			);
			productName = ProxyAppTests;
			productReference = FF34EF3A2D95CC7B0029BED2 /* ProxyAppTests.xctest */;
			productType = "com.apple.product-type.bundle.unit-test";
		};
		FF34EF432D95CC7B0029BED2 /* ProxyAppUITests */ = {
			isa = PBXNativeTarget;
			buildConfigurationList = FF34EF542D95CC7B0029BED2 /* Build configuration list for PBXNativeTarget "ProxyAppUITests" */;
			buildPhases = (
				FF34EF402D95CC7B0029BED2 /* Sources */,
				FF34EF412D95CC7B0029BED2 /* Frameworks */,
				FF34EF422D95CC7B0029BED2 /* Resources */,
			);
			buildRules = (
			);
			dependencies = (
				FF34EF462D95CC7B0029BED2 /* PBXTargetDependency */,
			);
			fileSystemSynchronizedGroups = (
				FF34EF472D95CC7B0029BED2 /* ProxyAppUITests */,
			);
			name = ProxyAppUITests;
			packageProductDependencies = (
			);
			productName = ProxyAppUITests;
			productReference = FF34EF442D95CC7B0029BED2 /* ProxyAppUITests.xctest */;
			productType = "com.apple.product-type.bundle.ui-testing";
		};
/* End PBXNativeTarget section */

/* Begin PBXProject section */
		FF34EF1F2D95CC790029BED2 /* Project object */ = {
			isa = PBXProject;
			attributes = {
				BuildIndependentTargetsInParallel = 1;
				LastSwiftUpdateCheck = 1610;
				LastUpgradeCheck = 1610;
				TargetAttributes = {
					FF34EF262D95CC790029BED2 = {
						CreatedOnToolsVersion = 16.1;
					};
					FF34EF392D95CC7B0029BED2 = {
						CreatedOnToolsVersion = 16.1;
						TestTargetID = FF34EF262D95CC790029BED2;
					};
					FF34EF432D95CC7B0029BED2 = {
						CreatedOnToolsVersion = 16.1;
						TestTargetID = FF34EF262D95CC790029BED2;
					};
				};
			};
			buildConfigurationList = FF34EF222D95CC790029BED2 /* Build configuration list for PBXProject "ProxyApp" */;
			developmentRegion = en;
			hasScannedForEncodings = 0;
			knownRegions = (
				en,
				Base,
			);
			mainGroup = FF34EF1E2D95CC790029BED2;
			minimizedProjectReferenceProxies = 1;
			packageReferences = (
				131F28AF2DA9729900FB0D3B /* XCRemoteSwiftPackageReference "Charts" */,
				133885A42DB135B7009E8B0C /* XCRemoteSwiftPackageReference "papyrus" */,
			);
			preferredProjectObjectVersion = 77;
			productRefGroup = FF34EF282D95CC790029BED2 /* Products */;
			projectDirPath = "";
			projectRoot = "";
			targets = (
				FF34EF262D95CC790029BED2 /* PacketPeek */,
				FF34EF392D95CC7B0029BED2 /* ProxyAppTests */,
				FF34EF432D95CC7B0029BED2 /* ProxyAppUITests */,
			);
		};
/* End PBXProject section */

/* Begin PBXResourcesBuildPhase section */
		FF34EF252D95CC790029BED2 /* Resources */ = {
			isa = PBXResourcesBuildPhase;
			buildActionMask = 2147483647;
			files = (
				1338851C2DAF9FCA009E8B0C /* Icon.png in Resources */,
			);
			runOnlyForDeploymentPostprocessing = 0;
		};
		FF34EF382D95CC7B0029BED2 /* Resources */ = {
			isa = PBXResourcesBuildPhase;
			buildActionMask = 2147483647;
			files = (
			);
			runOnlyForDeploymentPostprocessing = 0;
		};
		FF34EF422D95CC7B0029BED2 /* Resources */ = {
			isa = PBXResourcesBuildPhase;
			buildActionMask = 2147483647;
			files = (
			);
			runOnlyForDeploymentPostprocessing = 0;
		};
/* End PBXResourcesBuildPhase section */

/* Begin PBXSourcesBuildPhase section */
		FF34EF232D95CC790029BED2 /* Sources */ = {
			isa = PBXSourcesBuildPhase;
			buildActionMask = 2147483647;
			files = (
			);
			runOnlyForDeploymentPostprocessing = 0;
		};
		FF34EF362D95CC7B0029BED2 /* Sources */ = {
			isa = PBXSourcesBuildPhase;
			buildActionMask = 2147483647;
			files = (
			);
			runOnlyForDeploymentPostprocessing = 0;
		};
		FF34EF402D95CC7B0029BED2 /* Sources */ = {
			isa = PBXSourcesBuildPhase;
			buildActionMask = 2147483647;
			files = (
			);
			runOnlyForDeploymentPostprocessing = 0;
		};
/* End PBXSourcesBuildPhase section */

/* Begin PBXTargetDependency section */
		FF34EF3C2D95CC7B0029BED2 /* PBXTargetDependency */ = {
			isa = PBXTargetDependency;
			target = FF34EF262D95CC790029BED2 /* PacketPeek */;
			targetProxy = FF34EF3B2D95CC7B0029BED2 /* PBXContainerItemProxy */;
		};
		FF34EF462D95CC7B0029BED2 /* PBXTargetDependency */ = {
			isa = PBXTargetDependency;
			target = FF34EF262D95CC790029BED2 /* PacketPeek */;
			targetProxy = FF34EF452D95CC7B0029BED2 /* PBXContainerItemProxy */;
		};
/* End PBXTargetDependency section */

/* Begin XCBuildConfiguration section */
		FF34EF4C2D95CC7B0029BED2 /* Debug */ = {
			isa = XCBuildConfiguration;
			buildSettings = {
				ALWAYS_SEARCH_USER_PATHS = NO;
				ASSETCATALOG_COMPILER_GENERATE_SWIFT_ASSET_SYMBOL_EXTENSIONS = YES;
				CLANG_ANALYZER_NONNULL = YES;
				CLANG_ANALYZER_NUMBER_OBJECT_CONVERSION = YES_AGGRESSIVE;
				CLANG_CXX_LANGUAGE_STANDARD = "gnu++20";
				CLANG_ENABLE_MODULES = YES;
				CLANG_ENABLE_OBJC_ARC = YES;
				CLANG_ENABLE_OBJC_WEAK = YES;
				CLANG_WARN_BLOCK_CAPTURE_AUTORELEASING = YES;
				CLANG_WARN_BOOL_CONVERSION = YES;
				CLANG_WARN_COMMA = YES;
				CLANG_WARN_CONSTANT_CONVERSION = YES;
				CLANG_WARN_DEPRECATED_OBJC_IMPLEMENTATIONS = YES;
				CLANG_WARN_DIRECT_OBJC_ISA_USAGE = YES_ERROR;
				CLANG_WARN_DOCUMENTATION_COMMENTS = YES;
				CLANG_WARN_EMPTY_BODY = YES;
				CLANG_WARN_ENUM_CONVERSION = YES;
				CLANG_WARN_INFINITE_RECURSION = YES;
				CLANG_WARN_INT_CONVERSION = YES;
				CLANG_WARN_NON_LITERAL_NULL_CONVERSION = YES;
				CLANG_WARN_OBJC_IMPLICIT_RETAIN_SELF = YES;
				CLANG_WARN_OBJC_LITERAL_CONVERSION = YES;
				CLANG_WARN_OBJC_ROOT_CLASS = YES_ERROR;
				CLANG_WARN_QUOTED_INCLUDE_IN_FRAMEWORK_HEADER = YES;
				CLANG_WARN_RANGE_LOOP_ANALYSIS = YES;
				CLANG_WARN_STRICT_PROTOTYPES = YES;
				CLANG_WARN_SUSPICIOUS_MOVE = YES;
				CLANG_WARN_UNGUARDED_AVAILABILITY = YES_AGGRESSIVE;
				CLANG_WARN_UNREACHABLE_CODE = YES;
				CLANG_WARN__DUPLICATE_METHOD_MATCH = YES;
				COPY_PHASE_STRIP = NO;
				DEBUG_INFORMATION_FORMAT = dwarf;
				ENABLE_STRICT_OBJC_MSGSEND = YES;
				ENABLE_TESTABILITY = YES;
				ENABLE_USER_SCRIPT_SANDBOXING = YES;
				GCC_C_LANGUAGE_STANDARD = gnu17;
				GCC_DYNAMIC_NO_PIC = NO;
				GCC_NO_COMMON_BLOCKS = YES;
				GCC_OPTIMIZATION_LEVEL = 0;
				GCC_PREPROCESSOR_DEFINITIONS = (
					"DEBUG=1",
					"$(inherited)",
				);
				GCC_WARN_64_TO_32_BIT_CONVERSION = YES;
				GCC_WARN_ABOUT_RETURN_TYPE = YES_ERROR;
				GCC_WARN_UNDECLARED_SELECTOR = YES;
				GCC_WARN_UNINITIALIZED_AUTOS = YES_AGGRESSIVE;
				GCC_WARN_UNUSED_FUNCTION = YES;
				GCC_WARN_UNUSED_VARIABLE = YES;
				LOCALIZATION_PREFERS_STRING_CATALOGS = YES;
				MACOSX_DEPLOYMENT_TARGET = 15.1;
				MTL_ENABLE_DEBUG_INFO = INCLUDE_SOURCE;
				MTL_FAST_MATH = YES;
				ONLY_ACTIVE_ARCH = YES;
				SDKROOT = macosx;
				SWIFT_ACTIVE_COMPILATION_CONDITIONS = "DEBUG $(inherited)";
				SWIFT_OPTIMIZATION_LEVEL = "-Onone";
			};
			name = Debug;
		};
		FF34EF4D2D95CC7B0029BED2 /* Release */ = {
			isa = XCBuildConfiguration;
			buildSettings = {
				ALWAYS_SEARCH_USER_PATHS = NO;
				ASSETCATALOG_COMPILER_GENERATE_SWIFT_ASSET_SYMBOL_EXTENSIONS = YES;
				CLANG_ANALYZER_NONNULL = YES;
				CLANG_ANALYZER_NUMBER_OBJECT_CONVERSION = YES_AGGRESSIVE;
				CLANG_CXX_LANGUAGE_STANDARD = "gnu++20";
				CLANG_ENABLE_MODULES = YES;
				CLANG_ENABLE_OBJC_ARC = YES;
				CLANG_ENABLE_OBJC_WEAK = YES;
				CLANG_WARN_BLOCK_CAPTURE_AUTORELEASING = YES;
				CLANG_WARN_BOOL_CONVERSION = YES;
				CLANG_WARN_COMMA = YES;
				CLANG_WARN_CONSTANT_CONVERSION = YES;
				CLANG_WARN_DEPRECATED_OBJC_IMPLEMENTATIONS = YES;
				CLANG_WARN_DIRECT_OBJC_ISA_USAGE = YES_ERROR;
				CLANG_WARN_DOCUMENTATION_COMMENTS = YES;
				CLANG_WARN_EMPTY_BODY = YES;
				CLANG_WARN_ENUM_CONVERSION = YES;
				CLANG_WARN_INFINITE_RECURSION = YES;
				CLANG_WARN_INT_CONVERSION = YES;
				CLANG_WARN_NON_LITERAL_NULL_CONVERSION = YES;
				CLANG_WARN_OBJC_IMPLICIT_RETAIN_SELF = YES;
				CLANG_WARN_OBJC_LITERAL_CONVERSION = YES;
				CLANG_WARN_OBJC_ROOT_CLASS = YES_ERROR;
				CLANG_WARN_QUOTED_INCLUDE_IN_FRAMEWORK_HEADER = YES;
				CLANG_WARN_RANGE_LOOP_ANALYSIS = YES;
				CLANG_WARN_STRICT_PROTOTYPES = YES;
				CLANG_WARN_SUSPICIOUS_MOVE = YES;
				CLANG_WARN_UNGUARDED_AVAILABILITY = YES_AGGRESSIVE;
				CLANG_WARN_UNREACHABLE_CODE = YES;
				CLANG_WARN__DUPLICATE_METHOD_MATCH = YES;
				COPY_PHASE_STRIP = NO;
				DEBUG_INFORMATION_FORMAT = "dwarf-with-dsym";
				ENABLE_NS_ASSERTIONS = NO;
				ENABLE_STRICT_OBJC_MSGSEND = YES;
				ENABLE_USER_SCRIPT_SANDBOXING = YES;
				GCC_C_LANGUAGE_STANDARD = gnu17;
				GCC_NO_COMMON_BLOCKS = YES;
				GCC_WARN_64_TO_32_BIT_CONVERSION = YES;
				GCC_WARN_ABOUT_RETURN_TYPE = YES_ERROR;
				GCC_WARN_UNDECLARED_SELECTOR = YES;
				GCC_WARN_UNINITIALIZED_AUTOS = YES_AGGRESSIVE;
				GCC_WARN_UNUSED_FUNCTION = YES;
				GCC_WARN_UNUSED_VARIABLE = YES;
				LOCALIZATION_PREFERS_STRING_CATALOGS = YES;
				MACOSX_DEPLOYMENT_TARGET = 15.1;
				MTL_ENABLE_DEBUG_INFO = NO;
				MTL_FAST_MATH = YES;
				SDKROOT = macosx;
				SWIFT_COMPILATION_MODE = wholemodule;
			};
			name = Release;
		};
		FF34EF4F2D95CC7B0029BED2 /* Debug */ = {
			isa = XCBuildConfiguration;
			buildSettings = {
				ASSETCATALOG_COMPILER_APPICON_NAME = AppIcon;
				ASSETCATALOG_COMPILER_GLOBAL_ACCENT_COLOR_NAME = AccentColor;
				CODE_SIGN_ENTITLEMENTS = ProxyApp/ProxyApp.entitlements;
				"CODE_SIGN_IDENTITY[sdk=macosx*]" = "-";
				CODE_SIGN_STYLE = Automatic;
				COMBINE_HIDPI_IMAGES = YES;
				CURRENT_PROJECT_VERSION = 1;
				DEVELOPMENT_ASSET_PATHS = "\"ProxyApp/Preview Content\"";
				DEVELOPMENT_TEAM = L6VZWYT2TT;
				ENABLE_HARDENED_RUNTIME = YES;
				ENABLE_PREVIEWS = YES;
				GENERATE_INFOPLIST_FILE = YES;
				INFOPLIST_FILE = ProxyApp/Info.plist;
				INFOPLIST_KEY_CFBundleDisplayName = PacketPeek;
				INFOPLIST_KEY_LSApplicationCategoryType = "public.app-category.developer-tools";
				INFOPLIST_KEY_NSHumanReadableCopyright = "";
				LD_RUNPATH_SEARCH_PATHS = (
					"$(inherited)",
					"@executable_path/../Frameworks",
				);
				MACOSX_DEPLOYMENT_TARGET = 14.0;
				MARKETING_VERSION = 1.0;
				PRODUCT_BUNDLE_IDENTIFIER = com.francescostabile.ProxyApp;
				PRODUCT_NAME = "$(TARGET_NAME)";
				SWIFT_EMIT_LOC_STRINGS = YES;
				SWIFT_VERSION = 5.0;
			};
			name = Debug;
		};
		FF34EF502D95CC7B0029BED2 /* Release */ = {
			isa = XCBuildConfiguration;
			buildSettings = {
				ASSETCATALOG_COMPILER_APPICON_NAME = AppIcon;
				ASSETCATALOG_COMPILER_GLOBAL_ACCENT_COLOR_NAME = AccentColor;
				CODE_SIGN_ENTITLEMENTS = ProxyApp/ProxyApp.entitlements;
				"CODE_SIGN_IDENTITY[sdk=macosx*]" = "-";
				CODE_SIGN_STYLE = Automatic;
				COMBINE_HIDPI_IMAGES = YES;
				CURRENT_PROJECT_VERSION = 1;
				DEVELOPMENT_ASSET_PATHS = "\"ProxyApp/Preview Content\"";
				DEVELOPMENT_TEAM = L6VZWYT2TT;
				ENABLE_HARDENED_RUNTIME = YES;
				ENABLE_PREVIEWS = YES;
				GENERATE_INFOPLIST_FILE = YES;
				INFOPLIST_FILE = ProxyApp/Info.plist;
				INFOPLIST_KEY_CFBundleDisplayName = PacketPeek;
				INFOPLIST_KEY_LSApplicationCategoryType = "public.app-category.developer-tools";
				INFOPLIST_KEY_NSHumanReadableCopyright = "";
				LD_RUNPATH_SEARCH_PATHS = (
					"$(inherited)",
					"@executable_path/../Frameworks",
				);
				MACOSX_DEPLOYMENT_TARGET = 14.0;
				MARKETING_VERSION = 1.0;
				PRODUCT_BUNDLE_IDENTIFIER = com.francescostabile.ProxyApp;
				PRODUCT_NAME = "$(TARGET_NAME)";
				SWIFT_EMIT_LOC_STRINGS = YES;
				SWIFT_VERSION = 5.0;
			};
			name = Release;
		};
		FF34EF522D95CC7B0029BED2 /* Debug */ = {
			isa = XCBuildConfiguration;
			buildSettings = {
				BUNDLE_LOADER = "$(TEST_HOST)";
				CODE_SIGN_STYLE = Automatic;
				CURRENT_PROJECT_VERSION = 1;
				DEVELOPMENT_TEAM = L6VZWYT2TT;
				GENERATE_INFOPLIST_FILE = YES;
				MACOSX_DEPLOYMENT_TARGET = 14.0;
				MARKETING_VERSION = 1.0;
				PRODUCT_BUNDLE_IDENTIFIER = com.francescostabile.ProxyAppTests;
				PRODUCT_NAME = "$(TARGET_NAME)";
				SWIFT_EMIT_LOC_STRINGS = NO;
				SWIFT_VERSION = 5.0;
				TEST_HOST = "$(BUILT_PRODUCTS_DIR)/ProxyApp.app/$(BUNDLE_EXECUTABLE_FOLDER_PATH)/ProxyApp";
			};
			name = Debug;
		};
		FF34EF532D95CC7B0029BED2 /* Release */ = {
			isa = XCBuildConfiguration;
			buildSettings = {
				BUNDLE_LOADER = "$(TEST_HOST)";
				CODE_SIGN_STYLE = Automatic;
				CURRENT_PROJECT_VERSION = 1;
				DEVELOPMENT_TEAM = L6VZWYT2TT;
				GENERATE_INFOPLIST_FILE = YES;
				MACOSX_DEPLOYMENT_TARGET = 14.0;
				MARKETING_VERSION = 1.0;
				PRODUCT_BUNDLE_IDENTIFIER = com.francescostabile.ProxyAppTests;
				PRODUCT_NAME = "$(TARGET_NAME)";
				SWIFT_EMIT_LOC_STRINGS = NO;
				SWIFT_VERSION = 5.0;
				TEST_HOST = "$(BUILT_PRODUCTS_DIR)/ProxyApp.app/$(BUNDLE_EXECUTABLE_FOLDER_PATH)/ProxyApp";
			};
			name = Release;
		};
		FF34EF552D95CC7B0029BED2 /* Debug */ = {
			isa = XCBuildConfiguration;
			buildSettings = {
				CODE_SIGN_STYLE = Automatic;
				CURRENT_PROJECT_VERSION = 1;
				DEVELOPMENT_TEAM = L6VZWYT2TT;
				GENERATE_INFOPLIST_FILE = YES;
				MARKETING_VERSION = 1.0;
				PRODUCT_BUNDLE_IDENTIFIER = com.francescostabile.ProxyAppUITests;
				PRODUCT_NAME = "$(TARGET_NAME)";
				SWIFT_EMIT_LOC_STRINGS = NO;
				SWIFT_VERSION = 5.0;
				TEST_TARGET_NAME = ProxyApp;
			};
			name = Debug;
		};
		FF34EF562D95CC7B0029BED2 /* Release */ = {
			isa = XCBuildConfiguration;
			buildSettings = {
				CODE_SIGN_STYLE = Automatic;
				CURRENT_PROJECT_VERSION = 1;
				DEVELOPMENT_TEAM = L6VZWYT2TT;
				GENERATE_INFOPLIST_FILE = YES;
				MARKETING_VERSION = 1.0;
				PRODUCT_BUNDLE_IDENTIFIER = com.francescostabile.ProxyAppUITests;
				PRODUCT_NAME = "$(TARGET_NAME)";
				SWIFT_EMIT_LOC_STRINGS = NO;
				SWIFT_VERSION = 5.0;
				TEST_TARGET_NAME = ProxyApp;
			};
			name = Release;
		};
/* End XCBuildConfiguration section */

/* Begin XCConfigurationList section */
		FF34EF222D95CC790029BED2 /* Build configuration list for PBXProject "ProxyApp" */ = {
			isa = XCConfigurationList;
			buildConfigurations = (
				FF34EF4C2D95CC7B0029BED2 /* Debug */,
				FF34EF4D2D95CC7B0029BED2 /* Release */,
			);
			defaultConfigurationIsVisible = 0;
			defaultConfigurationName = Release;
		};
		FF34EF4E2D95CC7B0029BED2 /* Build configuration list for PBXNativeTarget "PacketPeek" */ = {
			isa = XCConfigurationList;
			buildConfigurations = (
				FF34EF4F2D95CC7B0029BED2 /* Debug */,
				FF34EF502D95CC7B0029BED2 /* Release */,
			);
			defaultConfigurationIsVisible = 0;
			defaultConfigurationName = Release;
		};
		FF34EF512D95CC7B0029BED2 /* Build configuration list for PBXNativeTarget "ProxyAppTests" */ = {
			isa = XCConfigurationList;
			buildConfigurations = (
				FF34EF522D95CC7B0029BED2 /* Debug */,
				FF34EF532D95CC7B0029BED2 /* Release */,
			);
			defaultConfigurationIsVisible = 0;
			defaultConfigurationName = Release;
		};
		FF34EF542D95CC7B0029BED2 /* Build configuration list for PBXNativeTarget "ProxyAppUITests" */ = {
			isa = XCConfigurationList;
			buildConfigurations = (
				FF34EF552D95CC7B0029BED2 /* Debug */,
				FF34EF562D95CC7B0029BED2 /* Release */,
			);
			defaultConfigurationIsVisible = 0;
			defaultConfigurationName = Release;
		};
/* End XCConfigurationList section */

/* Begin XCRemoteSwiftPackageReference section */
		131F28AF2DA9729900FB0D3B /* XCRemoteSwiftPackageReference "Charts" */ = {
			isa = XCRemoteSwiftPackageReference;
			repositoryURL = "https://github.com/danielgindi/Charts.git";
			requirement = {
				kind = upToNextMajorVersion;
				minimumVersion = 5.1.0;
			};
		};
		133885A42DB135B7009E8B0C /* XCRemoteSwiftPackageReference "papyrus" */ = {
			isa = XCRemoteSwiftPackageReference;
			repositoryURL = "https://github.com/joshuawright11/papyrus.git";
			requirement = {
				kind = upToNextMajorVersion;
				minimumVersion = 0.1.0;
			};
		};
/* End XCRemoteSwiftPackageReference section */

/* Begin XCSwiftPackageProductDependency section */
		131F28B02DA9729900FB0D3B /* DGCharts */ = {
			isa = XCSwiftPackageProductDependency;
			package = 131F28AF2DA9729900FB0D3B /* XCRemoteSwiftPackageReference "Charts" */;
			productName = DGCharts;
		};
		133885A52DB135B7009E8B0C /* Papyrus */ = {
			isa = XCSwiftPackageProductDependency;
			package = 133885A42DB135B7009E8B0C /* XCRemoteSwiftPackageReference "papyrus" */;
			productName = Papyrus;
		};
/* End XCSwiftPackageProductDependency section */
	};
	rootObject = FF34EF1F2D95CC790029BED2 /* Project object */;
}
